
Microsoft Visual Studio Solution File, Format Version 12.00
# Visual Studio Version 16
VisualStudioVersion = 16.0.29806.167
MinimumVisualStudioVersion = 10.0.40219.1
Project("{FAE04EC0-301F-11D3-BF4B-00C04F79EFBC}") = "Concentration", "Concentration\Concentration.csproj", "{EC79E9BA-624C-4351-87FA-91CDFA86FA02}"
EndProject
Project("{2150E333-8FDC-42A3-9474-1A3956D46DE8}") = "Solution Items", "Solution Items", "{C068FD0C-A9EE-4BEA-A86E-D76AF3B78CAE}"
EndProject
Global
	GlobalSection(SolutionConfigurationPlatforms) = preSolution
		Debug|Any CPU = Debug|Any CPU
		Release|Any CPU = Release|Any CPU
	EndGlobalSection
	GlobalSection(ProjectConfigurationPlatforms) = postSolution
		{EC79E9BA-624C-4351-87FA-91CDFA86FA02}.Debug|Any CPU.ActiveCfg = Debug|Any CPU
		{EC79E9BA-624C-4351-87FA-91CDFA86FA02}.Debug|Any CPU.Build.0 = Debug|Any CPU
		{EC79E9BA-624C-4351-87FA-91CDFA86FA02}.Release|Any CPU.ActiveCfg = Release|Any CPU
		{EC79E9BA-624C-4351-87FA-91CDFA86FA02}.Release|Any CPU.Build.0 = Release|Any CPU
	EndGlobalSection
	GlobalSection(SolutionProperties) = preSolution
		HideSolutionNode = FALSE
	EndGlobalSection
	GlobalSection(ExtensibilityGlobals) = postSolution
		SolutionGuid = {F8B41914-F9E5-44DE-B26F-C03304A4A6A4}
	EndGlobalSection
EndGlobal
